
Microsoft Visual Studio Solution File, Format Version 12.00
# Visual Studio Version 17
VisualStudioVersion = 17.2.32505.173
MinimumVisualStudioVersion = 10.0.40219.1
Project("{9A19103F-16F7-4668-BE54-9A1E7A4F7556}") = "CaBInVoiceGenerator", "CaBInVoiceGenerator\CaBInVoiceGenerator.csproj", "{B8860AB0-FE69-40CB-81E5-0FF42FBC88DC}"
EndProject
Project("{FAE04EC0-301F-11D3-BF4B-00C04F79EFBC}") = "CabInVoiCe-nUnitTes", "CabInVoiCe-nUnitTes\CabInVoiCe-nUnitTes.csproj", "{767746D7-C496-41A4-A636-0CC82888C54F}"
EndProject
Global
	GlobalSection(SolutionConfigurationPlatforms) = preSolution
		Debug|Any CPU = Debug|Any CPU
		Release|Any CPU = Release|Any CPU
	EndGlobalSection
	GlobalSection(ProjectConfigurationPlatforms) = postSolution
		{B8860AB0-FE69-40CB-81E5-0FF42FBC88DC}.Debug|Any CPU.ActiveCfg = Debug|Any CPU
		{B8860AB0-FE69-40CB-81E5-0FF42FBC88DC}.Debug|Any CPU.Build.0 = Debug|Any CPU
		{B8860AB0-FE69-40CB-81E5-0FF42FBC88DC}.Release|Any CPU.ActiveCfg = Release|Any CPU
		{B8860AB0-FE69-40CB-81E5-0FF42FBC88DC}.Release|Any CPU.Build.0 = Release|Any CPU
		{767746D7-C496-41A4-A636-0CC82888C54F}.Debug|Any CPU.ActiveCfg = Debug|Any CPU
		{767746D7-C496-41A4-A636-0CC82888C54F}.Debug|Any CPU.Build.0 = Debug|Any CPU
		{767746D7-C496-41A4-A636-0CC82888C54F}.Release|Any CPU.ActiveCfg = Release|Any CPU
		{767746D7-C496-41A4-A636-0CC82888C54F}.Release|Any CPU.Build.0 = Release|Any CPU
	EndGlobalSection
	GlobalSection(SolutionProperties) = preSolution
		HideSolutionNode = FALSE
	EndGlobalSection
	GlobalSection(ExtensibilityGlobals) = postSolution
		SolutionGuid = {72BA7C4B-1391-4237-84E5-09891A27FA73}
	EndGlobalSection
EndGlobal
